
Microsoft Visual Studio Solution File, Format Version 12.00
# Visual Studio Version 17
VisualStudioVersion = 17.8.34525.116
MinimumVisualStudioVersion = 10.0.40219.1
Project("{8BC9CEB8-8B4A-11D0-8D11-00A0C91BC942}") = "Tetris", "Tetris\Tetris.vcxproj", "{E2183CF9-CCAC-4482-9B4D-B69A6403071F}"
EndProject
Global
	GlobalSection(SolutionConfigurationPlatforms) = preSolution
		Debug|x64 = Debug|x64
		Debug|x86 = Debug|x86
		Release|x64 = Release|x64
		Release|x86 = Release|x86
	EndGlobalSection
	GlobalSection(ProjectConfigurationPlatforms) = postSolution
		{E2183CF9-CCAC-4482-9B4D-B69A6403071F}.Debug|x64.ActiveCfg = Debug|x64
		{E2183CF9-CCAC-4482-9B4D-B69A6403071F}.Debug|x64.Build.0 = Debug|x64
		{E2183CF9-CCAC-4482-9B4D-B69A6403071F}.Debug|x86.ActiveCfg = Debug|Win32
		{E2183CF9-CCAC-4482-9B4D-B69A6403071F}.Debug|x86.Build.0 = Debug|Win32
		{E2183CF9-CCAC-4482-9B4D-B69A6403071F}.Release|x64.ActiveCfg = Release|x64
		{E2183CF9-CCAC-4482-9B4D-B69A6403071F}.Release|x64.Build.0 = Release|x64
		{E2183CF9-CCAC-4482-9B4D-B69A6403071F}.Release|x86.ActiveCfg = Release|Win32
		{E2183CF9-CCAC-4482-9B4D-B69A6403071F}.Release|x86.Build.0 = Release|Win32
	EndGlobalSection
	GlobalSection(SolutionProperties) = preSolution
		HideSolutionNode = FALSE
	EndGlobalSection
	GlobalSection(ExtensibilityGlobals) = postSolution
		SolutionGuid = {909567EA-722F-48CE-A280-FF86640D2129}
	EndGlobalSection
EndGlobal
